version: 7
platforms:
- name: win-64
  virtual-packages:
  - __win=10.0
  - __archspec=0=x86_64
environments:
  default:
    channels:
    - url: https://conda.anaconda.org/conda-forge/
    indexes:
    - https://pypi.org/simple
    packages:
      win-64:
      - conda: https://conda.anaconda.org/conda-forge/noarch/ca-certificates-2026.7.22-h4c7d964_0.conda
      - conda: https://conda.anaconda.org/conda-forge/noarch/libgcc-devel_win-64-16.2.0-h254a5e0_104.conda
      - conda: https://conda.anaconda.org/conda-forge/noarch/libstdcxx-devel_win-64-16.2.0-h230208c_104.conda
      - conda: https://conda.anaconda.org/conda-forge/noarch/m2w64-sysroot_win-64-12.0.0.r4.gg4f2fc60ca-hd8ed1ab_10.conda
      - conda: https://conda.anaconda.org/conda-forge/noarch/mingw-w64-ucrt-x86_64-crt-git-12.0.0.r4.gg4f2fc60ca-hd8ed1ab_10.conda
      - conda: https://conda.anaconda.org/conda-forge/noarch/mingw-w64-ucrt-x86_64-headers-git-12.0.0.r4.gg4f2fc60ca-hd8ed1ab_10.conda
      - conda: https://conda.anaconda.org/conda-forge/noarch/mingw-w64-ucrt-x86_64-windows-default-manifest-6.4-he206cdd_7.conda
      - conda: https://conda.anaconda.org/conda-forge/noarch/mingw-w64-ucrt-x86_64-winpthreads-git-12.0.0.r4.gg4f2fc60ca-hd8ed1ab_10.conda
      - conda: https://conda.anaconda.org/conda-forge/noarch/tzdata-2026c-h151e31d_0.conda
      - conda: https://conda.anaconda.org/conda-forge/win-64/_openmp_mutex-4.5-20_gnu.conda
      - conda: https://conda.anaconda.org/conda-forge/win-64/binutils_impl_win-64-2.46.1-default_ha84baeb_102.conda
      - conda: https://conda.anaconda.org/conda-forge/win-64/bzip2-1.0.8-h0ad9c76_10.conda
      - conda: https://conda.anaconda.org/conda-forge/win-64/cmake-4.4.3-hde52c71_0.conda
      - conda: https://conda.anaconda.org/conda-forge/win-64/conda-gcc-specs-16.2.0-h6d3b04a_4.conda
      - conda: https://conda.anaconda.org/conda-forge/win-64/gcc-16.2.0-hb5e953d_4.conda
      - conda: https://conda.anaconda.org/conda-forge/win-64/gcc_impl_win-64-16.2.0-h6b76af2_4.conda
      - conda: https://conda.anaconda.org/conda-forge/win-64/gfortran-16.2.0-hb5e953d_4.conda
      - conda: https://conda.anaconda.org/conda-forge/win-64/gfortran_impl_win-64-16.2.0-h408695e_4.conda
      - conda: https://conda.anaconda.org/conda-forge/win-64/icu-78.3-h5112557_2.conda
      - conda: https://conda.anaconda.org/conda-forge/win-64/krb5-1.22.2-h719d79b_2.conda
      - conda: https://conda.anaconda.org/conda-forge/win-64/ld_impl_win-64-2.46.1-default_hfd38196_102.conda
      - conda: https://conda.anaconda.org/conda-forge/win-64/libcurl-8.21.0-hdb0ef4a_5.conda
      - conda: https://conda.anaconda.org/conda-forge/win-64/libexpat-2.8.1-hac47afa_1.conda
      - conda: https://conda.anaconda.org/conda-forge/win-64/libffi-3.7.0-h3d046cb_1.conda
      - conda: https://conda.anaconda.org/conda-forge/win-64/libgcc-16.2.0-h110b43a_4.conda
      - conda: https://conda.anaconda.org/conda-forge/win-64/libgfortran5-16.2.0-h7c9de5e_4.conda
      - conda: https://conda.anaconda.org/conda-forge/win-64/libgomp-16.2.0-h8ee18e1_4.conda
      - conda: https://conda.anaconda.org/conda-forge/win-64/liblzma-5.8.3-hfd05255_1.conda
      - conda: https://conda.anaconda.org/conda-forge/win-64/libpsl-0.23.1-h9b16d47_1.conda
      - conda: https://conda.anaconda.org/conda-forge/win-64/libsqlite-3.53.4-hf5d6505_1.conda
      - conda: https://conda.anaconda.org/conda-forge/win-64/libssh2-1.11.1-h734d217_1.conda
      - conda: https://conda.anaconda.org/conda-forge/win-64/libstdcxx-16.2.0-hae5796f_4.conda
      - conda: https://conda.anaconda.org/conda-forge/win-64/libuv-1.52.1-h6a83c73_1.conda
      - conda: https://conda.anaconda.org/conda-forge/win-64/libwinpthread-12.0.0.r4.gg4f2fc60ca-h57928b3_10.conda
      - conda: https://conda.anaconda.org/conda-forge/win-64/libzlib-1.3.2-hfd05255_3.conda
      - conda: https://conda.anaconda.org/conda-forge/win-64/m2-conda-epoch-20250515-0_x86_64.conda
      - conda: https://conda.anaconda.org/conda-forge/win-64/ninja-1.13.2-h477610d_1.conda
      - conda: https://conda.anaconda.org/conda-forge/win-64/openssl-3.5.8-hf411b9b_0.conda
      - conda: https://conda.anaconda.org/conda-forge/win-64/python-3.11.16-hb12b558_0_cpython.conda
      - conda: https://conda.anaconda.org/conda-forge/win-64/tk-8.6.13-h967ab96_4.conda
      - conda: https://conda.anaconda.org/conda-forge/win-64/ucrt-10.0.26100.0-h57928b3_0.conda
      - conda: https://conda.anaconda.org/conda-forge/win-64/uv-0.12.8-hc31ddbc_0.conda
      - conda: https://conda.anaconda.org/conda-forge/win-64/vc-14.5-ha367084_41.conda
      - conda: https://conda.anaconda.org/conda-forge/win-64/vc14_runtime-14.51.36247-habf1de7_41.conda
      - conda: https://conda.anaconda.org/conda-forge/win-64/vcomp14-14.51.36247-habf1de7_41.conda
      - conda: https://conda.anaconda.org/conda-forge/win-64/zstd-1.5.7-h534d264_7.conda
      - pypi: direct+https://github.com/space-physics/iri2020/archive/refs/heads/main.zip
      - pypi: https://files.pythonhosted.org/packages/57/5b/28365212062939d213802e5e5fe855cdb231e1c2a93254ba1690066504e3/xarray-2026.7.0-py3-none-any.whl
      - pypi: https://files.pythonhosted.org/packages/63/34/ba1c580383c9eada3711951fef0795c80b829a078d72188184bcab9dd527/packaging-26.3-py3-none-any.whl
      - pypi: https://files.pythonhosted.org/packages/7a/d0/dfdb6ac6d01dd95666345e48a9b5b3a02eda3ebcf22333c21405f48c9d5b/pymsis-0.12.0-cp311-cp311-win_amd64.whl
      - pypi: https://files.pythonhosted.org/packages/b7/ce/149a00dd41f10bc29e5921b496af8b574d8413afcd5e30dfa0ed46c2cc5e/six-1.17.0-py2.py3-none-any.whl
      - pypi: https://files.pythonhosted.org/packages/c5/31/7fc6239c12bce7e931463251cca4426c465e1876ba3cc785402ef4dd8f4e/numpy-2.4.6-cp311-cp311-win_amd64.whl
      - pypi: https://files.pythonhosted.org/packages/e5/6d/b53b99a9f2766d095985947a5782f1702cabb129a34f7a802d7197af832f/tzdata-2026.3-py2.py3-none-any.whl
      - pypi: https://files.pythonhosted.org/packages/ec/57/56b9bcc3c9c6a792fcbaf139543cee77261f3651ca9da0c93f5c1221264b/python_dateutil-2.9.0.post0-py2.py3-none-any.whl
      - pypi: https://files.pythonhosted.org/packages/fa/9a/31f4983f191af51ab2a8f2d0c7b33dff3a84da26533f982fff02c2f9e28b/pandas-3.0.5-cp311-cp311-win_amd64.whl
packages:
- conda: https://conda.anaconda.org/conda-forge/noarch/ca-certificates-2026.7.22-h4c7d964_0.conda
  sha256: 95e8e74062a5fe5f870ac8c90302b6e89945165fdaed7810606e84ddee6aac12
  md5: e27d2ac27b096dc51fedfcf775a53f9b
  depends:
  - __win
  license: ISC
  purls: []
  run_exports: {}
  size: 132136
  timestamp: 1784754918886
- conda: https://conda.anaconda.org/conda-forge/noarch/libgcc-devel_win-64-16.2.0-h254a5e0_104.conda
  sha256: 427cf0a9f470edb8e43972517d3273a9f659e03186b47f4241973a5aa16d977f
  md5: 3da365a97124ad4e291158387bcc4564
  depends:
  - m2-conda-epoch
  license: GPL-3.0-only WITH GCC-exception-3.1
  license_family: GPL
  purls: []
  run_exports: {}
  size: 2425283
  timestamp: 1787625711574
- conda: https://conda.anaconda.org/conda-forge/noarch/libstdcxx-devel_win-64-16.2.0-h230208c_104.conda
  sha256: 3be5d37705a0cf2fa9211aa5a5cf976a1c3246b700b30a865eed2e1fc6b79289
  md5: 962148b315db334ec94a22b9a8a646a2
  depends:
  - m2-conda-epoch
  license: GPL-3.0-only WITH GCC-exception-3.1
  license_family: GPL
  purls: []
  run_exports: {}
  size: 13812348
  timestamp: 1787625733806
- conda: https://conda.anaconda.org/conda-forge/noarch/m2w64-sysroot_win-64-12.0.0.r4.gg4f2fc60ca-hd8ed1ab_10.conda
  sha256: fb0ffe6b3c25189038c29abbd1fac2522d87fe2775a09e5f5088e5542dc3309b
  md5: 9676d2a30fa3ffa4e5350041d0993758
  depends:
  - m2-conda-epoch
  - mingw-w64-ucrt-x86_64-crt-git 12.0.0.r4.gg4f2fc60ca hd8ed1ab_10
  - mingw-w64-ucrt-x86_64-headers-git 12.0.0.r4.gg4f2fc60ca hd8ed1ab_10
  - mingw-w64-ucrt-x86_64-windows-default-manifest
  - mingw-w64-ucrt-x86_64-winpthreads-git 12.0.0.r4.gg4f2fc60ca hd8ed1ab_10
  - ucrt
  purls: []
  run_exports:
    strong:
    - libwinpthread >=12.0.0.r4.gg4f2fc60ca
  size: 8421
  timestamp: 1759768559974
- conda: https://conda.anaconda.org/conda-forge/noarch/mingw-w64-ucrt-x86_64-crt-git-12.0.0.r4.gg4f2fc60ca-hd8ed1ab_10.conda
  sha256: de3e42149b498c16bfb485b7729f4ca0fe392be576a2a10ff702d661799b1df3
  md5: 44ffa6d68699ec9321f6d48d75bdc726
  depends:
  - m2-conda-epoch
  - mingw-w64-ucrt-x86_64-headers-git 12.0.0.r4.gg4f2fc60ca hd8ed1ab_10
  constrains:
  - mingw-w64-ucrt-x86_64-winpthreads-git 12.0.0.r4.gg4f2fc60ca.*
  license: ZPL-2.1
  purls: []
  run_exports: {}
  size: 5663635
  timestamp: 1759768458961
- conda: https://conda.anaconda.org/conda-forge/noarch/mingw-w64-ucrt-x86_64-headers-git-12.0.0.r4.gg4f2fc60ca-hd8ed1ab_10.conda
  sha256: 1add86481f35163215e7076e6f06f22aa9f1f9345a5fff5cb07bc846c13fbec7
  md5: cab7b807024204893ef5bb1860d91408
  depends:
  - m2-conda-epoch
  constrains:
  - mingw-w64-ucrt-x86_64-crt-git 12.0.0.r4.gg4f2fc60ca.*
  - mingw-w64-ucrt-x86_64-winpthreads-git 12.0.0.r4.gg4f2fc60ca.*
  license: ZPL-2.1 AND LGPL-2.1-or-later
  purls: []
  run_exports: {}
  size: 7089846
  timestamp: 1759768412123
- conda: https://conda.anaconda.org/conda-forge/noarch/mingw-w64-ucrt-x86_64-windows-default-manifest-6.4-he206cdd_7.conda
  sha256: 5b0df4e0ba8487ffd59f60c34c5dbb9e001ecd2c5d2c66ba88eada40bfa3ecb8
  md5: 1d6b5c96d7e3cce773519d7d1a4482f0
  depends:
  - __win
  constrains:
  - m2w64-sysroot_win-64 >=12.0.0.r0
  license: FSFAP
  purls: []
  run_exports: {}
  size: 7412
  timestamp: 1717486007140
- conda: https://conda.anaconda.org/conda-forge/noarch/mingw-w64-ucrt-x86_64-winpthreads-git-12.0.0.r4.gg4f2fc60ca-hd8ed1ab_10.conda
  sha256: 828abb111286940473c4c665fc8ab300d28920f5af83b32295e8bf2256a8f342
  md5: ba0eeff6a5c62b83c771bb392e22dbb4
  depends:
  - m2-conda-epoch
  - mingw-w64-ucrt-x86_64-headers-git 12.0.0.r4.gg4f2fc60ca hd8ed1ab_10
  constrains:
  - mingw-w64-ucrt-x86_64-crt-git 12.0.0.r4.gg4f2fc60ca.*
  license: MIT AND BSD-3-Clause-Clear
  purls: []
  run_exports: {}
  size: 123916
  timestamp: 1759768539535
- conda: https://conda.anaconda.org/conda-forge/noarch/tzdata-2026c-h151e31d_0.conda
  sha256: b928c30ddcb0e3f544c6eade8352737e6e610e263276b90232db6a578ef899d8
  md5: fcb489df604d100968b737f2cb6076c6
  license: LicenseRef-Public-Domain
  purls: []
  run_exports: {}
  size: 118849
  timestamp: 1784250406640
- conda: https://conda.anaconda.org/conda-forge/win-64/_openmp_mutex-4.5-20_gnu.conda
  build_number: 20
  sha256: 8a1cee28bd0ee7451ada1cd50b64720e57e17ff994fc62dd8329bef570d382e4
  md5: 1626967b574d1784b578b52eaeb071e7
  depends:
  - libgomp >=7.5.0
  - libwinpthread >=12.0.0.r4.gg4f2fc60ca
  constrains:
  - openmp_impl <0.0a0
  - msys2-conda-epoch <0.0a0
  license: BSD-3-Clause
  license_family: BSD
  purls: []
  run_exports:
    strong:
    - _openmp_mutex >=4.5
  size: 52252
  timestamp: 1770943776666
- conda: https://conda.anaconda.org/conda-forge/win-64/binutils_impl_win-64-2.46.1-default_ha84baeb_102.conda
  sha256: 83476bc3ed6ee4f1d6e67e6e1360696a0ac3e99679f9c142674003cf721740e3
  md5: 7832bada38267be3333319febcf5e4fc
  depends:
  - ld_impl_win-64 2.46.1 default_hfd38196_102
  - m2w64-sysroot_win-64 >=12.0.0.r0
  - zstd >=1.5.7,<1.6.0a0
  license: GPL-3.0-only
  license_family: GPL
  purls: []
  run_exports: {}
  size: 6140284
  timestamp: 1784214565466
- conda: https://conda.anaconda.org/conda-forge/win-64/bzip2-1.0.8-h0ad9c76_10.conda
  sha256: 04767466ee9227c9c57ab2c6503e0149177d34111c7418d2f420297acb1eb229
  md5: c3301c058362f340100d91cd8be0393f
  depends:
  - ucrt >=10.0.20348.0
  - vc >=14.3,<15
  - vc14_runtime >=14.44.35208
  license: bzip2-1.0.6
  license_family: BSD
  purls: []
  run_exports:
    weak:
    - bzip2 >=1.0.8,<2.0a0
  size: 55919
  timestamp: 1785906343696
- conda: https://conda.anaconda.org/conda-forge/win-64/cmake-4.4.3-hde52c71_0.conda
  sha256: 447798cce376cee0786493001f462a6fa1e0b92569ba61e22bc4bd616f4677ce
  md5: d84935f4eeff21b757e73b3d364084c1
  depends:
  - vc14_runtime >=14.44.35208
  - ucrt >=10.0.20348.0
  - zstd >=1.5.7,<1.6.0a0
  - libcurl >=8.21.0,<9.0a0
  - libzlib >=1.3.2,<2.0a0
  - bzip2 >=1.0.8,<2.0a0
  - libexpat >=2.8.1,<3.0a0
  - liblzma >=5.8.3,<6.0a0
  - libuv >=1.52.1,<2.0a0
  license: BSD-3-Clause
  license_family: BSD
  purls: []
  run_exports: {}
  size: 17928844
  timestamp: 1787711126843
- conda: https://conda.anaconda.org/conda-forge/win-64/conda-gcc-specs-16.2.0-h6d3b04a_4.conda
  sha256: b5acc7a4c05e5fdfe19a0399582854fe3d5af6884a68f49ad5409f973c78e9f4
  md5: dd2710697a04e6b9e78dfa6ad4829b05
  depends:
  - gcc_impl_win-64 >=16.2.0,<16.2.1.0a0
  license: GPL-3.0-only WITH GCC-exception-3.1
  license_family: GPL
  purls: []
  run_exports: {}
  size: 53326
  timestamp: 1787625978996
- conda: https://conda.anaconda.org/conda-forge/win-64/gcc-16.2.0-hb5e953d_4.conda
  sha256: 885f14091bdcc20bdd2f0f5d52b2d78e1eb50d2f8f5af1d09676b5a6d26ebac5
  md5: 6680fad46dbc71232f75a39aac6a75e0
  depends:
  - conda-gcc-specs
  - gcc_impl_win-64 16.2.0 h6b76af2_4
  license: BSD-3-Clause
  license_family: BSD
  purls: []
  run_exports: {}
  size: 1346840
  timestamp: 1787626087301
- conda: https://conda.anaconda.org/conda-forge/win-64/gcc_impl_win-64-16.2.0-h6b76af2_4.conda
  sha256: 47cba5bcea133854795d9d59c45418f6dc7b8c1cd4e4fc505ace35cc519e8615
  md5: 4e090fb7357d7d2917deab17a2968d3c
  depends:
  - binutils_impl_win-64 >=2.46.1
  - libgcc >=16.2.0
  - libgcc-devel_win-64 16.2.0 h254a5e0_104
  - libgomp >=16.2.0
  - libstdcxx >=16.2.0
  - libstdcxx-devel_win-64 16.2.0 h230208c_104
  - m2w64-sysroot_win-64
  license: GPL-3.0-only WITH GCC-exception-3.1
  license_family: GPL
  purls: []
  run_exports: {}
  size: 65130677
  timestamp: 1787625851087
- conda: https://conda.anaconda.org/conda-forge/win-64/gfortran-16.2.0-hb5e953d_4.conda
  sha256: d732b70040b4eb7de172587e62a711bd8b8ff1d15e5ad5cacbd02d0c6d218632
  md5: 427ef8150026e0ad65eabdcbdaf6a298
  depends:
  - conda-gcc-specs
  - gcc 16.2.0 hb5e953d_4
  - gcc_impl_win-64 16.2.0 h6b76af2_4
  - gfortran_impl_win-64 16.2.0 h408695e_4
  license: BSD-3-Clause
  license_family: BSD
  purls: []
  run_exports: {}
  size: 932362
  timestamp: 1787626112822
- conda: https://conda.anaconda.org/conda-forge/win-64/gfortran_impl_win-64-16.2.0-h408695e_4.conda
  sha256: b4f1bf88ae3fa2c423268e7ad3ec722673747bef1e788a7c4a746ba8cf9e29dd
  md5: a04f71170d9c6245965f267b35ff9c32
  depends:
  - gcc_impl_win-64 16.2.0.*
  - libgcc >=16.2.0
  - libgfortran5 >=16.2.0
  - libstdcxx >=16.2.0
  - m2w64-sysroot_win-64
  license: GPL-3.0-only WITH GCC-exception-3.1
  license_family: GPL
  purls: []
  run_exports: {}
  size: 17811880
  timestamp: 1787626021912
- conda: https://conda.anaconda.org/conda-forge/win-64/icu-78.3-h5112557_2.conda
  sha256: 75c549b55b673e15de8785a8e5dd85bca7eb612eee0ff4dc8d7bdaa15eacbdbb
  md5: e596942e8ee6ee17fdcf1e6a77757a66
  depends:
  - vc >=14.3,<15
  - vc14_runtime >=14.44.35208
  - ucrt >=10.0.20348.0
  license: MIT
  license_family: MIT
  purls: []
  run_exports:
    weak:
    - icu >=78.3,<79.0a0
  size: 16835644
  timestamp: 1784916416303
- conda: https://conda.anaconda.org/conda-forge/win-64/krb5-1.22.2-h719d79b_2.conda
  sha256: 63ff03324e903eb01a715ccf357df56d66224e61952fd6615d86490ebefb3285
  md5: 93f5a01dec294a2228f757fe2f3432d4
  depends:
  - openssl >=3.5.7,<4.0a0
  - ucrt >=10.0.20348.0
  - vc >=14.3,<15
  - vc14_runtime >=14.44.35208
  license: MIT
  license_family: MIT
  purls: []
  run_exports:
    weak:
    - krb5 >=1.22.2,<1.23.0a0
  size: 753425
  timestamp: 1786762169034
- conda: https://conda.anaconda.org/conda-forge/win-64/ld_impl_win-64-2.46.1-default_hfd38196_102.conda
  sha256: e3cb27be096acab3c8d5ed36961e291e3e6e9c2323dd3fd565623a4c093e931c
  md5: 179ed4e90a5c9560bebb28292a726f12
  depends:
  - zstd >=1.5.7,<1.6.0a0
  constrains:
  - binutils_impl_win-64 2.46.1
  license: GPL-3.0-only
  license_family: GPL
  purls: []
  run_exports: {}
  size: 896485
  timestamp: 1784214548635
- conda: https://conda.anaconda.org/conda-forge/win-64/libcurl-8.21.0-hdb0ef4a_5.conda
  sha256: bf5445ab8acfaccaf511d774f131cf0d99c5eef6b8def270e832ad26970d5011
  md5: 50861643cbe90dc7267feb7854b8efdf
  depends:
  - krb5 >=1.22.2,<1.23.0a0
  - libpsl >=0.23.1,<0.24.0a0
  - libssh2 >=1.11.1,<2.0a0
  - libzlib >=1.3.2,<2.0a0
  - ucrt >=10.0.20348.0
  - vc >=14.3,<15
  - vc14_runtime >=14.44.35208
  license: curl
  license_family: MIT
  purls: []
  run_exports:
    weak:
    - libcurl >=8.21.0,<9.0a0
  size: 405126
  timestamp: 1787183759927
- conda: https://conda.anaconda.org/conda-forge/win-64/libexpat-2.8.1-hac47afa_1.conda
  sha256: 1a54d874addda73b6f7164d5f3905821277a1831bcc05edd74b3085391688571
  md5: ccc490c81ffe14181861beac0e8f3169
  depends:
  - ucrt >=10.0.20348.0
  - vc >=14.3,<15
  - vc14_runtime >=14.44.35208
  constrains:
  - expat 2.8.1.*
  license: MIT
  license_family: MIT
  purls: []
  run_exports: {}
  size: 71631
  timestamp: 1781203724164
- conda: https://conda.anaconda.org/conda-forge/win-64/libffi-3.7.0-h3d046cb_1.conda
  sha256: 613e8077c5cca5df7fe84ade7d5050301bee3c6c4c450ffe61d34a349ab4f11c
  md5: ceb38b0ba900847d8da4289c3c8e5708
  depends:
  - ucrt >=10.0.20348.0
  - vc >=14.3,<15
  - vc14_runtime >=14.44.35208
  license: MIT
  license_family: MIT
  purls: []
  run_exports:
    weak:
    - libffi >=3.7.0,<3.8.0a0
  size: 49992
  timestamp: 1787753517346
- conda: https://conda.anaconda.org/conda-forge/win-64/libgcc-16.2.0-h110b43a_4.conda
  sha256: 32c0d1adcc96835d5f681c7e72b7f5e2e30088149239e002b8a6f581a072e1d2
  md5: 02793cf48b68687fee158a48c92850a6
  depends:
  - _openmp_mutex >=4.5
  - libwinpthread >=12.0.0.r4.gg4f2fc60ca
  constrains:
  - libgcc-ng ==16.2.0=*_4
  - libgomp 16.2.0 h8ee18e1_4
  - msys2-conda-epoch <0.0a0
  license: GPL-3.0-only WITH GCC-exception-3.1
  license_family: GPL
  purls: []
  run_exports: {}
  size: 826694
  timestamp: 1787625780171
- conda: https://conda.anaconda.org/conda-forge/win-64/libgfortran5-16.2.0-h7c9de5e_4.conda
  sha256: 0fac9c326a968b6652391b7729a62e13d777bd4f084408f15590678880e6a5d6
  md5: 84922f235ec3a830e4b19ed1218377ff
  depends:
  - libgcc >=16.2.0
  - libwinpthread >=12.0.0.r4.gg4f2fc60ca
  constrains:
  - libgfortran 16.2.0
  license: GPL-3.0-only WITH GCC-exception-3.1
  license_family: GPL
  purls: []
  run_exports: {}
  size: 2815497
  timestamp: 1787625789804
- conda: https://conda.anaconda.org/conda-forge/win-64/libgomp-16.2.0-h8ee18e1_4.conda
  sha256: 9ef1a22fb50b31fbf9c01cf709e8f55b60fd3c02401d150be4a55943f9e3832f
  md5: 91189f0bc9ff21f385fcda6232346612
  depends:
  - libwinpthread >=12.0.0.r4.gg4f2fc60ca
  constrains:
  - msys2-conda-epoch <0.0a0
  license: GPL-3.0-only WITH GCC-exception-3.1
  license_family: GPL
  purls: []
  run_exports:
    strong:
    - _openmp_mutex >=4.5
    - libgomp >=16.2.0
  size: 688168
  timestamp: 1787625720312
- conda: https://conda.anaconda.org/conda-forge/win-64/liblzma-5.8.3-hfd05255_1.conda
  sha256: d36c4a1e1f80fd08e18a407e03622ff2f34dfdd022da6488ad19603dea19e6d5
  md5: 880a0c8549479b198af21ba5dc49b109
  depends:
  - ucrt >=10.0.20348.0
  - vc >=14.3,<15
  - vc14_runtime >=14.44.35208
  constrains:
  - xz 5.8.3.*
  license: 0BSD
  purls: []
  run_exports:
    weak:
    - liblzma >=5.8.3,<6.0a0
  size: 105809
  timestamp: 1786348717883
- conda: https://conda.anaconda.org/conda-forge/win-64/libpsl-0.23.1-h9b16d47_1.conda
  sha256: e53fe3b09f82b59b644264133d6d148ac31bb5451b7583cff55690bf038f2f62
  md5: 39cdf8c4f59e4d253cfa8091c8b3d7de
  depends:
  - vc >=14.3,<15
  - vc14_runtime >=14.44.35208
  - ucrt >=10.0.20348.0
  - icu >=78.3,<79.0a0
  license: MIT
  license_family: MIT
  purls: []
  run_exports:
    weak:
    - libpsl >=0.23.1,<0.24.0a0
  size: 73511
  timestamp: 1786970749988
- conda: https://conda.anaconda.org/conda-forge/win-64/libsqlite-3.53.4-hf5d6505_1.conda
  sha256: 0a45d7c0f20146fff787a106f8fa187872e309c70975ff8f0936e188914c26ad
  md5: a72d495965b144bb7da033642d389047
  depends:
  - ucrt >=10.0.20348.0
  - vc >=14.3,<15
  - vc14_runtime >=14.44.35208
  license: blessing
  purls: []
  run_exports:
    weak:
    - libsqlite >=3.53.4,<4.0a0
  size: 1314919
  timestamp: 1787051140039
- conda: https://conda.anaconda.org/conda-forge/win-64/libssh2-1.11.1-h734d217_1.conda
  sha256: 1097b08429b4f53f5751a32c6d99a083d227ca7f7812c0b239eea124cec073a0
  md5: a21dd9ca39e74910bb96989feb916420
  depends:
  - libzlib >=1.3.2,<2.0a0
  - openssl >=3.5.7,<4.0a0
  - ucrt >=10.0.20348.0
  - vc >=14.3,<15
  - vc14_runtime >=14.44.35208
  license: BSD-3-Clause
  license_family: BSD
  purls: []
  run_exports:
    weak:
    - libssh2 >=1.11.1,<2.0a0
  size: 295149
  timestamp: 1786713186180
- conda: https://conda.anaconda.org/conda-forge/win-64/libstdcxx-16.2.0-hae5796f_4.conda
  sha256: bcd859a3f6a75a9f2632b586ef2c799e463242debb5344611c61d4ae4eb46d6b
  md5: a7add5cf4172713f611e714767c56c2d
  depends:
  - libgcc 16.2.0 h110b43a_4
  - libwinpthread >=12.0.0.r4.gg4f2fc60ca
  constrains:
  - libstdcxx-ng ==16.2.0=*_4
  license: GPL-3.0-only WITH GCC-exception-3.1
  license_family: GPL
  purls: []
  run_exports: {}
  size: 7217098
  timestamp: 1787625803937
- conda: https://conda.anaconda.org/conda-forge/win-64/libuv-1.52.1-h6a83c73_1.conda
  sha256: 0d62467380061cd0fa4b27e579c805a95c7ef55a41ecb067de0c4d2d42490c66
  md5: 4ccef39545e98553cc900ea557dff085
  depends:
  - vc >=14.3,<15
  - vc14_runtime >=14.44.35208
  - ucrt >=10.0.20348.0
  license: MIT
  license_family: MIT
  purls: []
  run_exports:
    weak:
    - libuv >=1.52.1,<2.0a0
  size: 331195
  timestamp: 1785914602690
- conda: https://conda.anaconda.org/conda-forge/win-64/libwinpthread-12.0.0.r4.gg4f2fc60ca-h57928b3_10.conda
  sha256: 0fccf2d17026255b6e10ace1f191d0a2a18f2d65088fd02430be17c701f8ffe0
  md5: 8a86073cf3b343b87d03f41790d8b4e5
  depends:
  - ucrt
  constrains:
  - pthreads-win32 <0.0a0
  - msys2-conda-epoch <0.0a0
  license: MIT AND BSD-3-Clause-Clear
  purls: []
  run_exports: {}
  size: 36621
  timestamp: 1759768399557
- conda: https://conda.anaconda.org/conda-forge/win-64/libzlib-1.3.2-hfd05255_3.conda
  sha256: 0629c2cc0404d3bb29d6baa7b4ba62da80797015e86de050db81ea5a07050527
  md5: 5d2ff29d465097458cc3ff6569151991
  depends:
  - ucrt >=10.0.20348.0
  - vc >=14.3,<15
  - vc14_runtime >=14.44.35208
  constrains:
  - zlib 1.3.2 *_3
  license: Zlib
  license_family: Other
  purls: []
  run_exports:
    weak:
    - libzlib >=1.3.2,<2.0a0
  size: 58529
  timestamp: 1785276664143
- conda: https://conda.anaconda.org/conda-forge/win-64/m2-conda-epoch-20250515-0_x86_64.conda
  build_number: 0
  sha256: 51e9214548f177db9c3fe70424e3774c95bf19cd69e0e56e83abe2e393228ba1
  md5: 7d60fb16df2cd07fbc3dbff1c9df4244
  constrains:
  - msys2-conda-epoch <0.0a0
  license: BSD-3-Clause
  license_family: BSD
  purls: []
  run_exports:
    weak:
    - m2-conda-epoch 20250515 *_x86_64
    noarch:
    - m2-conda-epoch 20250515 *_x86_64
  size: 7539
  timestamp: 1747330852019
- conda: https://conda.anaconda.org/conda-forge/win-64/ninja-1.13.2-h477610d_1.conda
  sha256: 002bce37e87e39c6a1e5577b1018d294cd4517ba9c4be2ece92e5706acac41f5
  md5: 3a6804d04ecaf02987a075d5faf34877
  depends:
  - vc >=14.3,<15
  - vc14_runtime >=14.44.35208
  - ucrt >=10.0.20348.0
  license: Apache-2.0
  license_family: APACHE
  purls: []
  run_exports: {}
  size: 309772
  timestamp: 1786713090968
- conda: https://conda.anaconda.org/conda-forge/win-64/openssl-3.5.8-hf411b9b_0.conda
  sha256: 778f55e8fe29ec1bef0e30027ef19c38afb49c5d9d7c22019ea350e56def0279
  md5: 37a620cdb015b66544a07b43bdc1e19e
  depends:
  - ca-certificates
  - ucrt >=10.0.20348.0
  - vc >=14.3,<15
  - vc14_runtime >=14.44.35208
  license: Apache-2.0
  license_family: Apache
  purls: []
  run_exports:
    weak:
    - openssl >=3.5.8,<4.0a0
  size: 9309552
  timestamp: 1787700221367
- conda: https://conda.anaconda.org/conda-forge/win-64/python-3.11.16-hb12b558_0_cpython.conda
  sha256: 2d6b42b3749d92a07ebb74fb02e1c4a3b8082cc2dede986351f8fd07a803de56
  md5: b5ac151425a8d29f57a0f4113a0ed415
  depends:
  - bzip2 >=1.0.8,<2.0a0
  - libexpat >=2.8.1,<3.0a0
  - libffi >=3.7.0,<3.8.0a0
  - liblzma >=5.8.3,<6.0a0
  - libsqlite >=3.53.4,<4.0a0
  - libzlib >=1.3.2,<2.0a0
  - openssl >=3.5.7,<4.0a0
  - tk >=8.6.13,<8.7.0a0
  - tzdata
  - ucrt >=10.0.20348.0
  - vc >=14.3,<15
  - vc14_runtime >=14.44.35208
  constrains:
  - python_abi 3.11.* *_cp311
  license: Python-2.0
  purls: []
  run_exports:
    weak:
    - python_abi 3.11.* *_cp311
    noarch:
    - python
  size: 18484188
  timestamp: 1787351985045
- conda: https://conda.anaconda.org/conda-forge/win-64/tk-8.6.13-h967ab96_4.conda
  sha256: f19618a3a82cc483dacf1c70a30367ee7b0c7e71b90f1f80e14feff44fbd3688
  md5: dd9eb33c99d352b6356f86964d6040f7
  depends:
  - vc >=14.3,<15
  - vc14_runtime >=14.44.35208
  - ucrt >=10.0.20348.0
  license: TCL
  purls: []
  run_exports:
    weak:
    - tk >=8.6.13,<8.7.0a0
  size: 3782376
  timestamp: 1787272860855
- conda: https://conda.anaconda.org/conda-forge/win-64/ucrt-10.0.26100.0-h57928b3_0.conda
  sha256: 3005729dce6f3d3f5ec91dfc49fc75a0095f9cd23bab49efb899657297ac91a5
  md5: 71b24316859acd00bdb8b38f5e2ce328
  constrains:
  - vc14_runtime >=14.29.30037
  - vs2015_runtime >=14.29.30037
  license: LicenseRef-MicrosoftWindowsSDK10
  purls: []
  run_exports: {}
  size: 694692
  timestamp: 1756385147981
- conda: https://conda.anaconda.org/conda-forge/win-64/uv-0.12.8-hc31ddbc_0.conda
  sha256: d2edbd4cf6fa456a94c48ce310cb5dee58c8379728ff80a998736250c8c53713
  md5: c160aed447357e603415c27b12dd4af6
  depends:
  - vc >=14.3,<15
  - vc14_runtime >=14.44.35208
  - ucrt >=10.0.20348.0
  license: Apache-2.0 OR MIT
  purls: []
  run_exports: {}
  size: 15690034
  timestamp: 1788240864864
- conda: https://conda.anaconda.org/conda-forge/win-64/vc-14.5-ha367084_41.conda
  sha256: 35444c55a92e2f7f7ba26bc70f81e56e52344f7d064c0fd4b40a46a58517b79c
  md5: aa805b5522c2a98fa286e551a1f48546
  depends:
  - vc14_runtime >=14.51.36247
  track_features:
  - vc14
  license: BSD-3-Clause
  license_family: BSD
  purls: []
  run_exports: {}
  size: 21383
  timestamp: 1785359368566
- conda: https://conda.anaconda.org/conda-forge/win-64/vc14_runtime-14.51.36247-habf1de7_41.conda
  sha256: 4e4cb599cdc41bf2109d1464c127b5bcbddf548ce3e322e612afb691338b48f8
  md5: ac5333bb3d429361f23adf704cc49a78
  depends:
  - ucrt >=10.0.20348.0
  - vcomp14 14.51.36247 habf1de7_41
  constrains:
  - vs2015_runtime 14.51.36247.* *_41
  license: LicenseRef-MicrosoftVisualCpp2015-2022Runtime
  license_family: Proprietary
  purls: []
  run_exports: {}
  size: 767955
  timestamp: 1785359364369
- conda: https://conda.anaconda.org/conda-forge/win-64/vcomp14-14.51.36247-habf1de7_41.conda
  sha256: 731e043390c9457299484d39e427221fc868a9249540a498a5a4f6456c7744d1
  md5: 350bb67a5c8e5f1c53347ac544ab6600
  depends:
  - ucrt >=10.0.20348.0
  constrains:
  - vs2015_runtime 14.51.36247.* *_41
  license: LicenseRef-MicrosoftVisualCpp2015-2022Runtime
  license_family: Proprietary
  purls: []
  run_exports:
    strong:
    - vcomp14 >=14.51.36247
  size: 155910
  timestamp: 1785359349999
- conda: https://conda.anaconda.org/conda-forge/win-64/zstd-1.5.7-h534d264_7.conda
  sha256: ca7daae4f218a11fab82cc2857f0ea518ec3f46acec60490485347a4c22c6b3e
  md5: e4ac308c39d6d0e131154976da67cf3b
  depends:
  - vc >=14.3,<15
  - vc14_runtime >=14.44.35208
  - ucrt >=10.0.20348.0
  - libzlib >=1.3.2,<2.0a0
  license: BSD-3-Clause
  license_family: BSD
  purls: []
  run_exports:
    weak:
    - zstd >=1.5.7,<1.6.0a0
  size: 387535
  timestamp: 1786599623274
- pypi: direct+https://github.com/space-physics/iri2020/archive/refs/heads/main.zip
  name: iri2020
  version: 1.0.0
  requires_dist:
  - numpy
  - xarray
  - python-dateutil
  - pytest ; extra == 'tests'
  - flake8 ; extra == 'lint'
  - flake8-bugbear ; extra == 'lint'
  - flake8-builtins ; extra == 'lint'
  - flake8-blind-except ; extra == 'lint'
  - mypy ; extra == 'lint'
  - types-python-dateutil ; extra == 'lint'
  requires_python: '>=3.9'
- pypi: https://files.pythonhosted.org/packages/57/5b/28365212062939d213802e5e5fe855cdb231e1c2a93254ba1690066504e3/xarray-2026.7.0-py3-none-any.whl
  name: xarray
  version: 2026.7.0
  sha256: bf9dd130b93806dc78e90c1b7ac24851b31557b888674c53622235691cf21824
  requires_dist:
  - numpy>=1.26
  - packaging>=24.2
  - pandas>=2.2
  - scipy>=1.15 ; extra == 'accel'
  - bottleneck ; extra == 'accel'
  - numbagg>=0.9 ; extra == 'accel'
  - numba>=0.62 ; extra == 'accel'
  - flox>=0.10 ; extra == 'accel'
  - opt-einsum ; extra == 'accel'
  - xarray[accel,etc,io,parallel,viz] ; extra == 'complete'
  - netcdf4>=1.6.0 ; extra == 'io'
  - h5netcdf[h5py]>=1.5.0 ; extra == 'io'
  - pydap ; extra == 'io'
  - scipy>=1.15 ; extra == 'io'
  - zarr>=3.0 ; extra == 'io'
  - fsspec ; extra == 'io'
  - cftime ; extra == 'io'
  - pooch ; extra == 'io'
  - sparse>=0.15 ; extra == 'etc'
  - dask[complete] ; extra == 'parallel'
  - cartopy>=0.24 ; extra == 'viz'
  - matplotlib>=3.10 ; extra == 'viz'
  - nc-time-axis ; extra == 'viz'
  - seaborn ; extra == 'viz'
  - pandas-stubs ; extra == 'types'
  - scipy-stubs ; extra == 'types'
  - types-colorama ; extra == 'types'
  - types-decorator ; extra == 'types'
  - types-defusedxml ; extra == 'types'
  - types-docutils ; extra == 'types'
  - types-networkx ; extra == 'types'
  - types-openpyxl ; extra == 'types'
  - types-pexpect ; extra == 'types'
  - types-psutil ; extra == 'types'
  - types-pycurl ; extra == 'types'
  - types-pygments ; extra == 'types'
  - types-python-dateutil ; extra == 'types'
  - types-pytz ; extra == 'types'
  - types-pyyaml ; extra == 'types'
  - types-requests ; extra == 'types'
  - types-setuptools ; extra == 'types'
  - types-xlrd ; extra == 'types'
  requires_python: '>=3.11'
- pypi: https://files.pythonhosted.org/packages/63/34/ba1c580383c9eada3711951fef0795c80b829a078d72188184bcab9dd527/packaging-26.3-py3-none-any.whl
  name: packaging
  version: '26.3'
  sha256: d7193f7c8e4e93f444fde0262bf90af30e16fa0ad0ad44cb553c87339b23cd1c
  requires_python: '>=3.9'
- pypi: https://files.pythonhosted.org/packages/7a/d0/dfdb6ac6d01dd95666345e48a9b5b3a02eda3ebcf22333c21405f48c9d5b/pymsis-0.12.0-cp311-cp311-win_amd64.whl
  name: pymsis
  version: 0.12.0
  sha256: 1ad18bb12dd4665fe1f683800f62e4d5a06bdd1bdcc5351b8e789c3b6afff51b
  requires_dist:
  - numpy>=1.23
  - pytest ; extra == 'test'
  - pytest-cov ; extra == 'test'
  - matplotlib ; extra == 'doc'
  - myst-parser ; extra == 'doc'
  - sphinx ; extra == 'doc'
  - sphinx-gallery ; extra == 'doc'
  - pydata-sphinx-theme ; extra == 'doc'
  - pymsis[doc,test] ; extra == 'dev'
  - mypy ; extra == 'dev'
  - pre-commit ; extra == 'dev'
  - ruff ; extra == 'dev'
  requires_python: '>=3.10'
- pypi: https://files.pythonhosted.org/packages/b7/ce/149a00dd41f10bc29e5921b496af8b574d8413afcd5e30dfa0ed46c2cc5e/six-1.17.0-py2.py3-none-any.whl
  name: six
  version: 1.17.0
  sha256: 4721f391ed90541fddacab5acf947aa0d3dc7d27b2e1e8eda2be8970586c3274
  requires_python: '>=2.7,!=3.0.*,!=3.1.*,!=3.2.*'
- pypi: https://files.pythonhosted.org/packages/c5/31/7fc6239c12bce7e931463251cca4426c465e1876ba3cc785402ef4dd8f4e/numpy-2.4.6-cp311-cp311-win_amd64.whl
  name: numpy
  version: 2.4.6
  sha256: 1e254a00cdf42b1e4d5b3d68d33af63268d41340d8885df2ab6470f2e1500147
  requires_python: '>=3.11'
- pypi: https://files.pythonhosted.org/packages/e5/6d/b53b99a9f2766d095985947a5782f1702cabb129a34f7a802d7197af832f/tzdata-2026.3-py2.py3-none-any.whl
  name: tzdata
  version: '2026.3'
  sha256: dc096730c87af6cab1b171c9d532be840741ff5d459015e7f6947bd7d7e54931
  requires_python: '>=2'
- pypi: https://files.pythonhosted.org/packages/ec/57/56b9bcc3c9c6a792fcbaf139543cee77261f3651ca9da0c93f5c1221264b/python_dateutil-2.9.0.post0-py2.py3-none-any.whl
  name: python-dateutil
  version: 2.9.0.post0
  sha256: a8b2bc7bffae282281c8140a97d3aa9c14da0b136dfe83f850eea9a5f7470427
  requires_dist:
  - six>=1.5
  requires_python: '>=2.7,!=3.0.*,!=3.1.*,!=3.2.*'
- pypi: https://files.pythonhosted.org/packages/fa/9a/31f4983f191af51ab2a8f2d0c7b33dff3a84da26533f982fff02c2f9e28b/pandas-3.0.5-cp311-cp311-win_amd64.whl
  name: pandas
  version: 3.0.5
  sha256: b1261758dfb6cf12c3cff8300e21cefad30e7ec709abb4c24ac7318e6a52462a
  requires_dist:
  - numpy>=1.26.0 ; python_full_version < '3.14'
  - numpy>=2.3.3 ; python_full_version >= '3.14'
  - python-dateutil>=2.8.2
  - tzdata ; sys_platform == 'win32'
  - tzdata ; sys_platform == 'emscripten'
  - hypothesis>=6.116.0 ; extra == 'test'
  - pytest>=8.3.4,<9.1 ; extra == 'test'
  - pytest-xdist>=3.6.1 ; extra == 'test'
  - pyarrow>=13.0.0 ; extra == 'pyarrow'
  - bottleneck>=1.4.2 ; extra == 'performance'
  - numba>=0.60.0 ; extra == 'performance'
  - numexpr>=2.10.2 ; extra == 'performance'
  - scipy>=1.14.1 ; extra == 'computation'
  - xarray>=2024.10.0 ; extra == 'computation'
  - fsspec>=2024.10.0 ; extra == 'fss'
  - s3fs>=2024.10.0 ; extra == 'aws'
  - gcsfs>=2024.10.0 ; extra == 'gcp'
  - odfpy>=1.4.1 ; extra == 'excel'
  - openpyxl>=3.1.5 ; extra == 'excel'
  - python-calamine>=0.3.0 ; extra == 'excel'
  - pyxlsb>=1.0.10 ; extra == 'excel'
  - xlrd>=2.0.1 ; extra == 'excel'
  - xlsxwriter>=3.2.0 ; extra == 'excel'
  - pyarrow>=13.0.0 ; extra == 'parquet'
  - pyarrow>=13.0.0 ; extra == 'feather'
  - pyiceberg>=0.8.1 ; extra == 'iceberg'
  - tables>=3.10.1 ; extra == 'hdf5'
  - pyreadstat>=1.2.8 ; extra == 'spss'
  - sqlalchemy>=2.0.36 ; extra == 'postgresql'
  - psycopg2>=2.9.10 ; extra == 'postgresql'
  - adbc-driver-postgresql>=1.2.0 ; extra == 'postgresql'
  - sqlalchemy>=2.0.36 ; extra == 'mysql'
  - pymysql>=1.1.1 ; extra == 'mysql'
  - sqlalchemy>=2.0.36 ; extra == 'sql-other'
  - adbc-driver-postgresql>=1.2.0 ; extra == 'sql-other'
  - adbc-driver-sqlite>=1.2.0 ; extra == 'sql-other'
  - beautifulsoup4>=4.12.3 ; extra == 'html'
  - html5lib>=1.1 ; extra == 'html'
  - lxml>=5.3.0 ; extra == 'html'
  - lxml>=5.3.0 ; extra == 'xml'
  - matplotlib>=3.9.3 ; extra == 'plot'
  - jinja2>=3.1.5 ; extra == 'output-formatting'
  - tabulate>=0.9.0 ; extra == 'output-formatting'
  - pyqt5>=5.15.9 ; extra == 'clipboard'
  - qtpy>=2.4.2 ; extra == 'clipboard'
  - zstandard>=0.23.0 ; extra == 'compression'
  - pytz>=2020.1 ; extra == 'timezone'
  - adbc-driver-postgresql>=1.2.0 ; extra == 'all'
  - adbc-driver-sqlite>=1.2.0 ; extra == 'all'
  - beautifulsoup4>=4.12.3 ; extra == 'all'
  - bottleneck>=1.4.2 ; extra == 'all'
  - fastparquet>=2024.11.0 ; extra == 'all'
  - fsspec>=2024.10.0 ; extra == 'all'
  - gcsfs>=2024.10.0 ; extra == 'all'
  - html5lib>=1.1 ; extra == 'all'
  - hypothesis>=6.116.0 ; extra == 'all'
  - jinja2>=3.1.5 ; extra == 'all'
  - lxml>=5.3.0 ; extra == 'all'
  - matplotlib>=3.9.3 ; extra == 'all'
  - numba>=0.60.0 ; extra == 'all'
  - numexpr>=2.10.2 ; extra == 'all'
  - odfpy>=1.4.1 ; extra == 'all'
  - openpyxl>=3.1.5 ; extra == 'all'
  - psycopg2>=2.9.10 ; extra == 'all'
  - pyarrow>=13.0.0 ; extra == 'all'
  - pyiceberg>=0.8.1 ; extra == 'all'
  - pymysql>=1.1.1 ; extra == 'all'
  - pyqt5>=5.15.9 ; extra == 'all'
  - pyreadstat>=1.2.8 ; extra == 'all'
  - pytest>=8.3.4 ; extra == 'all'
  - pytest-xdist>=3.6.1 ; extra == 'all'
  - python-calamine>=0.3.0 ; extra == 'all'
  - pytz>=2020.1 ; extra == 'all'
  - pyxlsb>=1.0.10 ; extra == 'all'
  - qtpy>=2.4.2 ; extra == 'all'
  - scipy>=1.14.1 ; extra == 'all'
  - s3fs>=2024.10.0 ; extra == 'all'
  - sqlalchemy>=2.0.36 ; extra == 'all'
  - tables>=3.10.1 ; extra == 'all'
  - tabulate>=0.9.0 ; extra == 'all'
  - xarray>=2024.10.0 ; extra == 'all'
  - xlrd>=2.0.1 ; extra == 'all'
  - xlsxwriter>=3.2.0 ; extra == 'all'
  - zstandard>=0.23.0 ; extra == 'all'
  requires_python: '>=3.11'
